
Microsoft Visual Studio Solution File, Format Version 12.00
# Visual Studio Version 17
VisualStudioVersion = 17.5.002.0
MinimumVisualStudioVersion = 10.0.40219.1
Project("{9A19103F-16F7-4668-BE54-9A1E7A4F7556}") = "WpfApp", "WpfApp.csproj", "{B536E570-3EC8-4A42-AE13-48186754CAA8}"
EndProject
Global
	GlobalSection(SolutionConfigurationPlatforms) = preSolution
		Debug|Any CPU = Debug|Any CPU
		Release|Any CPU = Release|Any CPU
	EndGlobalSection
	GlobalSection(ProjectConfigurationPlatforms) = postSolution
		{B536E570-3EC8-4A42-AE13-48186754CAA8}.Debug|Any CPU.ActiveCfg = Debug|Any CPU
		{B536E570-3EC8-4A42-AE13-48186754CAA8}.Debug|Any CPU.Build.0 = Debug|Any CPU
		{B536E570-3EC8-4A42-AE13-48186754CAA8}.Release|Any CPU.ActiveCfg = Release|Any CPU
		{B536E570-3EC8-4A42-AE13-48186754CAA8}.Release|Any CPU.Build.0 = Release|Any CPU
	EndGlobalSection
	GlobalSection(SolutionProperties) = preSolution
		HideSolutionNode = FALSE
	EndGlobalSection
	GlobalSection(ExtensibilityGlobals) = postSolution
		SolutionGuid = {1B3F5286-020F-41F9-BBC4-CE929862F82C}
	EndGlobalSection
EndGlobal
